// !$*UTF8*$!
{
	archiveVersion = 1;
	classes = {
	};
	objectVersion = 46;
	objects = {

/* Begin PBXBuildFile section */
		221A9B0A1E5B16C500288F27 /* XSYLoveBeenMyButton.m in Sources */ = {isa = PBXBuildFile; fileRef = 221A9B091E5B16C500288F27 /* XSYLoveBeenMyButton.m */; };
		223209DC1E5843E500D31713 /* NetworkingTools.m in Sources */ = {isa = PBXBuildFile; fileRef = 223209DB1E5843E500D31713 /* NetworkingTools.m */; };
		223209DF1E58440200D31713 /* XSYLoveBeenNetworkingTools.m in Sources */ = {isa = PBXBuildFile; fileRef = 223209DE1E58440200D31713 /* XSYLoveBeenNetworkingTools.m */; };
		223209E31E5860E800D31713 /* XSYLoveBeenTableHeaderView.m in Sources */ = {isa = PBXBuildFile; fileRef = 223209E21E5860E800D31713 /* XSYLoveBeenTableHeaderView.m */; };
		223209EA1E587B2300D31713 /* XSYLoveBeenFirstPageModel.m in Sources */ = {isa = PBXBuildFile; fileRef = 223209E91E587B2300D31713 /* XSYLoveBeenFirstPageModel.m */; };
		223209ED1E5883A800D31713 /* XSYLoveBeenActivityAndIconModel.m in Sources */ = {isa = PBXBuildFile; fileRef = 223209EC1E5883A800D31713 /* XSYLoveBeenActivityAndIconModel.m */; };
		223209F01E5883D100D31713 /* XSYLoveBeenFocusModel.m in Sources */ = {isa = PBXBuildFile; fileRef = 223209EF1E5883D100D31713 /* XSYLoveBeenFocusModel.m */; };
		223209F41E58996B00D31713 /* XSYLoveBeenFirstPageTopCell.m in Sources */ = {isa = PBXBuildFile; fileRef = 223209F31E58996B00D31713 /* XSYLoveBeenFirstPageTopCell.m */; };
		223209F81E58AB6000D31713 /* XSYLoveBeenFirstPageBottomShoppingModel.m in Sources */ = {isa = PBXBuildFile; fileRef = 223209F71E58AB6000D31713 /* XSYLoveBeenFirstPageBottomShoppingModel.m */; };
		223209FC1E58B16C00D31713 /* XSYLoveBeenFirstPageTableBottomCell.m in Sources */ = {isa = PBXBuildFile; fileRef = 223209FB1E58B16C00D31713 /* XSYLoveBeenFirstPageTableBottomCell.m */; };
		223209FE1E58B17B00D31713 /* XSYLoveBeenFirstPageTableBottomCell.xib in Resources */ = {isa = PBXBuildFile; fileRef = 223209FD1E58B17B00D31713 /* XSYLoveBeenFirstPageTableBottomCell.xib */; };
		22320A021E596FBB00D31713 /* XSYRefreshHeader.m in Sources */ = {isa = PBXBuildFile; fileRef = 22320A011E596FBB00D31713 /* XSYRefreshHeader.m */; };
		22320A061E59BDEC00D31713 /* XSYLoveBeenFirstController.m in Sources */ = {isa = PBXBuildFile; fileRef = 22320A051E59BDEC00D31713 /* XSYLoveBeenFirstController.m */; };
		22320A0B1E59BE9700D31713 /* XSYLoveBeenFirstPageWebViewController.m in Sources */ = {isa = PBXBuildFile; fileRef = 22320A0A1E59BE9700D31713 /* XSYLoveBeenFirstPageWebViewController.m */; };
		22320A0F1E59F8BC00D31713 /* XSYLoveBeenDetailPageHeaderView.m in Sources */ = {isa = PBXBuildFile; fileRef = 22320A0E1E59F8BC00D31713 /* XSYLoveBeenDetailPageHeaderView.m */; };
		22320A111E59F8D000D31713 /* XSYLoveBeenDetailPageHeaderView.xib in Resources */ = {isa = PBXBuildFile; fileRef = 22320A101E59F8D000D31713 /* XSYLoveBeenDetailPageHeaderView.xib */; };
		22320A141E5AADDD00D31713 /* XSYLoveBeenFirstPageDetailController.m in Sources */ = {isa = PBXBuildFile; fileRef = 22320A131E5AADDD00D31713 /* XSYLoveBeenFirstPageDetailController.m */; };
		22320A181E5AC68700D31713 /* XSYLoveBeenDetailCell.m in Sources */ = {isa = PBXBuildFile; fileRef = 22320A171E5AC68700D31713 /* XSYLoveBeenDetailCell.m */; };
		22320A1C1E5AD25A00D31713 /* XSYLoveBeenMapController.m in Sources */ = {isa = PBXBuildFile; fileRef = 22320A1B1E5AD25A00D31713 /* XSYLoveBeenMapController.m */; };
		22CEBE9F1E57D7C300967943 /* main.m in Sources */ = {isa = PBXBuildFile; fileRef = 22CEBE9E1E57D7C300967943 /* main.m */; };
		22CEBEA21E57D7C300967943 /* AppDelegate.m in Sources */ = {isa = PBXBuildFile; fileRef = 22CEBEA11E57D7C300967943 /* AppDelegate.m */; };
		22CEBEAA1E57D7C300967943 /* Assets.xcassets in Resources */ = {isa = PBXBuildFile; fileRef = 22CEBEA91E57D7C300967943 /* Assets.xcassets */; };
		22CEBED31E58099000967943 /* XSYLoveBeenIntroductionController.m in Sources */ = {isa = PBXBuildFile; fileRef = 22CEBED21E58099000967943 /* XSYLoveBeenIntroductionController.m */; };
		22CEBED81E5809E700967943 /* XSYLoveBeenNavigationController.m in Sources */ = {isa = PBXBuildFile; fileRef = 22CEBED71E5809E700967943 /* XSYLoveBeenNavigationController.m */; };
		22CEBEDB1E5809F200967943 /* XSYLoveBeenTabbarController.m in Sources */ = {isa = PBXBuildFile; fileRef = 22CEBEDA1E5809F200967943 /* XSYLoveBeenTabbarController.m */; };
		22CEBEFF1E580A5A00967943 /* NSArray+Log.m in Sources */ = {isa = PBXBuildFile; fileRef = 22CEBEDF1E580A5A00967943 /* NSArray+Log.m */; };
		22CEBF001E580A5A00967943 /* NSAttributedString+CZAdditon.m in Sources */ = {isa = PBXBuildFile; fileRef = 22CEBEE11E580A5A00967943 /* NSAttributedString+CZAdditon.m */; };
		22CEBF011E580A5A00967943 /* NSObject+CZRuntime.m in Sources */ = {isa = PBXBuildFile; fileRef = 22CEBEE31E580A5A00967943 /* NSObject+CZRuntime.m */; };
		22CEBF021E580A5A00967943 /* NSString+CZBase64.m in Sources */ = {isa = PBXBuildFile; fileRef = 22CEBEE51E580A5A00967943 /* NSString+CZBase64.m */; };
		22CEBF031E580A5A00967943 /* NSString+CZHash.m in Sources */ = {isa = PBXBuildFile; fileRef = 22CEBEE71E580A5A00967943 /* NSString+CZHash.m */; };
		22CEBF041E580A5A00967943 /* NSString+CZPath.m in Sources */ = {isa = PBXBuildFile; fileRef = 22CEBEE91E580A5A00967943 /* NSString+CZPath.m */; };
		22CEBF051E580A5A00967943 /* UIButton+CZAddition.m in Sources */ = {isa = PBXBuildFile; fileRef = 22CEBEEB1E580A5A00967943 /* UIButton+CZAddition.m */; };
		22CEBF061E580A5A00967943 /* UIColor+CZAddition.m in Sources */ = {isa = PBXBuildFile; fileRef = 22CEBEED1E580A5A00967943 /* UIColor+CZAddition.m */; };
		22CEBF071E580A5A00967943 /* UILabel+CZAddition.m in Sources */ = {isa = PBXBuildFile; fileRef = 22CEBEEF1E580A5A00967943 /* UILabel+CZAddition.m */; };
		22CEBF081E580A5A00967943 /* UIScreen+CZAddition.m in Sources */ = {isa = PBXBuildFile; fileRef = 22CEBEF11E580A5A00967943 /* UIScreen+CZAddition.m */; };
		22CEBF091E580A5A00967943 /* UIView+CZAddition.m in Sources */ = {isa = PBXBuildFile; fileRef = 22CEBEF31E580A5A00967943 /* UIView+CZAddition.m */; };
		22CEBF0A1E580A5A00967943 /* UIViewController+CZAddition.m in Sources */ = {isa = PBXBuildFile; fileRef = 22CEBEF51E580A5A00967943 /* UIViewController+CZAddition.m */; };
		22CEBF0B1E580A5A00967943 /* UIBarButtonItem+Extension.m in Sources */ = {isa = PBXBuildFile; fileRef = 22CEBEF81E580A5A00967943 /* UIBarButtonItem+Extension.m */; };
		22CEBF0C1E580A5A00967943 /* UIButton+Helper.m in Sources */ = {isa = PBXBuildFile; fileRef = 22CEBEFB1E580A5A00967943 /* UIButton+Helper.m */; };
		22CEBF0D1E580A5A00967943 /* UILabel+Helper.m in Sources */ = {isa = PBXBuildFile; fileRef = 22CEBEFE1E580A5A00967943 /* UILabel+Helper.m */; };
		22CEBF111E580EB100967943 /* UIView+Extension.m in Sources */ = {isa = PBXBuildFile; fileRef = 22CEBF101E580EB100967943 /* UIView+Extension.m */; };
		22CEBF171E58216C00967943 /* XSYLoveBeenShoppingController.m in Sources */ = {isa = PBXBuildFile; fileRef = 22CEBF161E58216C00967943 /* XSYLoveBeenShoppingController.m */; };
		22CEBF1A1E5821E400967943 /* XSYLoveBeenMineController.m in Sources */ = {isa = PBXBuildFile; fileRef = 22CEBF191E5821E400967943 /* XSYLoveBeenMineController.m */; };
		22CEBF231E583B1F00967943 /* XSYLoveBeenShopCarController.m in Sources */ = {isa = PBXBuildFile; fileRef = 22CEBF221E583B1F00967943 /* XSYLoveBeenShopCarController.m */; };
		FC265348CFA7B22165908716 /* libPods-LoveBeen.a in Frameworks */ = {isa = PBXBuildFile; fileRef = 88724557FC4681AD8BCD7000 /* libPods-LoveBeen.a */; };
/* End PBXBuildFile section */

/* Begin PBXFileReference section */
		221A9B081E5B16C500288F27 /* XSYLoveBeenMyButton.h */ = {isa = PBXFileReference; fileEncoding = 4; lastKnownFileType = sourcecode.c.h; path = XSYLoveBeenMyButton.h; sourceTree = "<group>"; };
		221A9B091E5B16C500288F27 /* XSYLoveBeenMyButton.m */ = {isa = PBXFileReference; fileEncoding = 4; lastKnownFileType = sourcecode.c.objc; path = XSYLoveBeenMyButton.m; sourceTree = "<group>"; };
		223209DA1E5843E500D31713 /* NetworkingTools.h */ = {isa = PBXFileReference; fileEncoding = 4; lastKnownFileType = sourcecode.c.h; path = NetworkingTools.h; sourceTree = "<group>"; };
		223209DB1E5843E500D31713 /* NetworkingTools.m */ = {isa = PBXFileReference; fileEncoding = 4; lastKnownFileType = sourcecode.c.objc; path = NetworkingTools.m; sourceTree = "<group>"; };
		223209DD1E58440200D31713 /* XSYLoveBeenNetworkingTools.h */ = {isa = PBXFileReference; fileEncoding = 4; lastKnownFileType = sourcecode.c.h; path = XSYLoveBeenNetworkingTools.h; sourceTree = "<group>"; };
		223209DE1E58440200D31713 /* XSYLoveBeenNetworkingTools.m */ = {isa = PBXFileReference; fileEncoding = 4; lastKnownFileType = sourcecode.c.objc; path = XSYLoveBeenNetworkingTools.m; sourceTree = "<group>"; };
		223209E11E5860E800D31713 /* XSYLoveBeenTableHeaderView.h */ = {isa = PBXFileReference; fileEncoding = 4; lastKnownFileType = sourcecode.c.h; path = XSYLoveBeenTableHeaderView.h; sourceTree = "<group>"; };
		223209E21E5860E800D31713 /* XSYLoveBeenTableHeaderView.m */ = {isa = PBXFileReference; fileEncoding = 4; lastKnownFileType = sourcecode.c.objc; path = XSYLoveBeenTableHeaderView.m; sourceTree = "<group>"; };
		223209E81E587B2300D31713 /* XSYLoveBeenFirstPageModel.h */ = {isa = PBXFileReference; fileEncoding = 4; lastKnownFileType = sourcecode.c.h; path = XSYLoveBeenFirstPageModel.h; sourceTree = "<group>"; };
		223209E91E587B2300D31713 /* XSYLoveBeenFirstPageModel.m */ = {isa = PBXFileReference; fileEncoding = 4; lastKnownFileType = sourcecode.c.objc; path = XSYLoveBeenFirstPageModel.m; sourceTree = "<group>"; };
		223209EB1E5883A800D31713 /* XSYLoveBeenActivityAndIconModel.h */ = {isa = PBXFileReference; fileEncoding = 4; lastKnownFileType = sourcecode.c.h; path = XSYLoveBeenActivityAndIconModel.h; sourceTree = "<group>"; };
		223209EC1E5883A800D31713 /* XSYLoveBeenActivityAndIconModel.m */ = {isa = PBXFileReference; fileEncoding = 4; lastKnownFileType = sourcecode.c.objc; path = XSYLoveBeenActivityAndIconModel.m; sourceTree = "<group>"; };
		223209EE1E5883D100D31713 /* XSYLoveBeenFocusModel.h */ = {isa = PBXFileReference; fileEncoding = 4; lastKnownFileType = sourcecode.c.h; path = XSYLoveBeenFocusModel.h; sourceTree = "<group>"; };
		223209EF1E5883D100D31713 /* XSYLoveBeenFocusModel.m */ = {isa = PBXFileReference; fileEncoding = 4; lastKnownFileType = sourcecode.c.objc; path = XSYLoveBeenFocusModel.m; sourceTree = "<group>"; };
		223209F21E58996B00D31713 /* XSYLoveBeenFirstPageTopCell.h */ = {isa = PBXFileReference; fileEncoding = 4; lastKnownFileType = sourcecode.c.h; path = XSYLoveBeenFirstPageTopCell.h; sourceTree = "<group>"; };
		223209F31E58996B00D31713 /* XSYLoveBeenFirstPageTopCell.m */ = {isa = PBXFileReference; fileEncoding = 4; lastKnownFileType = sourcecode.c.objc; path = XSYLoveBeenFirstPageTopCell.m; sourceTree = "<group>"; };
		223209F61E58AB6000D31713 /* XSYLoveBeenFirstPageBottomShoppingModel.h */ = {isa = PBXFileReference; fileEncoding = 4; lastKnownFileType = sourcecode.c.h; path = XSYLoveBeenFirstPageBottomShoppingModel.h; sourceTree = "<group>"; };
		223209F71E58AB6000D31713 /* XSYLoveBeenFirstPageBottomShoppingModel.m */ = {isa = PBXFileReference; fileEncoding = 4; lastKnownFileType = sourcecode.c.objc; path = XSYLoveBeenFirstPageBottomShoppingModel.m; sourceTree = "<group>"; };
		223209FA1E58B16C00D31713 /* XSYLoveBeenFirstPageTableBottomCell.h */ = {isa = PBXFileReference; fileEncoding = 4; lastKnownFileType = sourcecode.c.h; path = XSYLoveBeenFirstPageTableBottomCell.h; sourceTree = "<group>"; };
		223209FB1E58B16C00D31713 /* XSYLoveBeenFirstPageTableBottomCell.m */ = {isa = PBXFileReference; fileEncoding = 4; lastKnownFileType = sourcecode.c.objc; path = XSYLoveBeenFirstPageTableBottomCell.m; sourceTree = "<group>"; };
		223209FD1E58B17B00D31713 /* XSYLoveBeenFirstPageTableBottomCell.xib */ = {isa = PBXFileReference; fileEncoding = 4; lastKnownFileType = file.xib; path = XSYLoveBeenFirstPageTableBottomCell.xib; sourceTree = "<group>"; };
		22320A001E596FBB00D31713 /* XSYRefreshHeader.h */ = {isa = PBXFileReference; fileEncoding = 4; lastKnownFileType = sourcecode.c.h; path = XSYRefreshHeader.h; sourceTree = "<group>"; };
		22320A011E596FBB00D31713 /* XSYRefreshHeader.m */ = {isa = PBXFileReference; fileEncoding = 4; lastKnownFileType = sourcecode.c.objc; path = XSYRefreshHeader.m; sourceTree = "<group>"; };
		22320A041E59BDEC00D31713 /* XSYLoveBeenFirstController.h */ = {isa = PBXFileReference; fileEncoding = 4; lastKnownFileType = sourcecode.c.h; path = XSYLoveBeenFirstController.h; sourceTree = "<group>"; };
		22320A051E59BDEC00D31713 /* XSYLoveBeenFirstController.m */ = {isa = PBXFileReference; fileEncoding = 4; lastKnownFileType = sourcecode.c.objc; path = XSYLoveBeenFirstController.m; sourceTree = "<group>"; };
		22320A091E59BE9700D31713 /* XSYLoveBeenFirstPageWebViewController.h */ = {isa = PBXFileReference; fileEncoding = 4; lastKnownFileType = sourcecode.c.h; path = XSYLoveBeenFirstPageWebViewController.h; sourceTree = "<group>"; };
		22320A0A1E59BE9700D31713 /* XSYLoveBeenFirstPageWebViewController.m */ = {isa = PBXFileReference; fileEncoding = 4; lastKnownFileType = sourcecode.c.objc; path = XSYLoveBeenFirstPageWebViewController.m; sourceTree = "<group>"; };
		22320A0D1E59F8BC00D31713 /* XSYLoveBeenDetailPageHeaderView.h */ = {isa = PBXFileReference; fileEncoding = 4; lastKnownFileType = sourcecode.c.h; path = XSYLoveBeenDetailPageHeaderView.h; sourceTree = "<group>"; };
		22320A0E1E59F8BC00D31713 /* XSYLoveBeenDetailPageHeaderView.m */ = {isa = PBXFileReference; fileEncoding = 4; lastKnownFileType = sourcecode.c.objc; path = XSYLoveBeenDetailPageHeaderView.m; sourceTree = "<group>"; };
		22320A101E59F8D000D31713 /* XSYLoveBeenDetailPageHeaderView.xib */ = {isa = PBXFileReference; fileEncoding = 4; lastKnownFileType = file.xib; path = XSYLoveBeenDetailPageHeaderView.xib; sourceTree = "<group>"; };
		22320A121E5AADDD00D31713 /* XSYLoveBeenFirstPageDetailController.h */ = {isa = PBXFileReference; fileEncoding = 4; lastKnownFileType = sourcecode.c.h; path = XSYLoveBeenFirstPageDetailController.h; sourceTree = "<group>"; };
		22320A131E5AADDD00D31713 /* XSYLoveBeenFirstPageDetailController.m */ = {isa = PBXFileReference; fileEncoding = 4; lastKnownFileType = sourcecode.c.objc; path = XSYLoveBeenFirstPageDetailController.m; sourceTree = "<group>"; };
		22320A161E5AC68700D31713 /* XSYLoveBeenDetailCell.h */ = {isa = PBXFileReference; fileEncoding = 4; lastKnownFileType = sourcecode.c.h; path = XSYLoveBeenDetailCell.h; sourceTree = "<group>"; };
		22320A171E5AC68700D31713 /* XSYLoveBeenDetailCell.m */ = {isa = PBXFileReference; fileEncoding = 4; lastKnownFileType = sourcecode.c.objc; path = XSYLoveBeenDetailCell.m; sourceTree = "<group>"; };
		22320A1A1E5AD25A00D31713 /* XSYLoveBeenMapController.h */ = {isa = PBXFileReference; fileEncoding = 4; lastKnownFileType = sourcecode.c.h; path = XSYLoveBeenMapController.h; sourceTree = "<group>"; };
		22320A1B1E5AD25A00D31713 /* XSYLoveBeenMapController.m */ = {isa = PBXFileReference; fileEncoding = 4; lastKnownFileType = sourcecode.c.objc; path = XSYLoveBeenMapController.m; sourceTree = "<group>"; };
		22CEBE9A1E57D7C300967943 /* LoveBeen.app */ = {isa = PBXFileReference; explicitFileType = wrapper.application; includeInIndex = 0; path = LoveBeen.app; sourceTree = BUILT_PRODUCTS_DIR; };
		22CEBE9E1E57D7C300967943 /* main.m */ = {isa = PBXFileReference; lastKnownFileType = sourcecode.c.objc; path = main.m; sourceTree = "<group>"; };
		22CEBEA01E57D7C300967943 /* AppDelegate.h */ = {isa = PBXFileReference; lastKnownFileType = sourcecode.c.h; path = AppDelegate.h; sourceTree = "<group>"; };
		22CEBEA11E57D7C300967943 /* AppDelegate.m */ = {isa = PBXFileReference; lastKnownFileType = sourcecode.c.objc; path = AppDelegate.m; sourceTree = "<group>"; };
		22CEBEA91E57D7C300967943 /* Assets.xcassets */ = {isa = PBXFileReference; lastKnownFileType = folder.assetcatalog; path = Assets.xcassets; sourceTree = "<group>"; };
		22CEBEAE1E57D7C300967943 /* Info.plist */ = {isa = PBXFileReference; lastKnownFileType = text.plist.xml; path = Info.plist; sourceTree = "<group>"; };
		22CEBECF1E57F20200967943 /* PrefixHeader.pch */ = {isa = PBXFileReference; lastKnownFileType = sourcecode.c.h; path = PrefixHeader.pch; sourceTree = "<group>"; };
		22CEBED11E58099000967943 /* XSYLoveBeenIntroductionController.h */ = {isa = PBXFileReference; fileEncoding = 4; lastKnownFileType = sourcecode.c.h; path = XSYLoveBeenIntroductionController.h; sourceTree = "<group>"; };
		22CEBED21E58099000967943 /* XSYLoveBeenIntroductionController.m */ = {isa = PBXFileReference; fileEncoding = 4; lastKnownFileType = sourcecode.c.objc; path = XSYLoveBeenIntroductionController.m; sourceTree = "<group>"; };
		22CEBED61E5809E700967943 /* XSYLoveBeenNavigationController.h */ = {isa = PBXFileReference; fileEncoding = 4; lastKnownFileType = sourcecode.c.h; path = XSYLoveBeenNavigationController.h; sourceTree = "<group>"; };
		22CEBED71E5809E700967943 /* XSYLoveBeenNavigationController.m */ = {isa = PBXFileReference; fileEncoding = 4; lastKnownFileType = sourcecode.c.objc; path = XSYLoveBeenNavigationController.m; sourceTree = "<group>"; };
		22CEBED91E5809F200967943 /* XSYLoveBeenTabbarController.h */ = {isa = PBXFileReference; fileEncoding = 4; lastKnownFileType = sourcecode.c.h; path = XSYLoveBeenTabbarController.h; sourceTree = "<group>"; };
		22CEBEDA1E5809F200967943 /* XSYLoveBeenTabbarController.m */ = {isa = PBXFileReference; fileEncoding = 4; lastKnownFileType = sourcecode.c.objc; path = XSYLoveBeenTabbarController.m; sourceTree = "<group>"; };
		22CEBEDD1E580A5A00967943 /* CZAdditions.h */ = {isa = PBXFileReference; fileEncoding = 4; lastKnownFileType = sourcecode.c.h; path = CZAdditions.h; sourceTree = "<group>"; };
		22CEBEDE1E580A5A00967943 /* NSArray+Log.h */ = {isa = PBXFileReference; fileEncoding = 4; lastKnownFileType = sourcecode.c.h; path = "NSArray+Log.h"; sourceTree = "<group>"; };
		22CEBEDF1E580A5A00967943 /* NSArray+Log.m */ = {isa = PBXFileReference; fileEncoding = 4; lastKnownFileType = sourcecode.c.objc; path = "NSArray+Log.m"; sourceTree = "<group>"; };
		22CEBEE01E580A5A00967943 /* NSAttributedString+CZAdditon.h */ = {isa = PBXFileReference; fileEncoding = 4; lastKnownFileType = sourcecode.c.h; path = "NSAttributedString+CZAdditon.h"; sourceTree = "<group>"; };
		22CEBEE11E580A5A00967943 /* NSAttributedString+CZAdditon.m */ = {isa = PBXFileReference; fileEncoding = 4; lastKnownFileType = sourcecode.c.objc; path = "NSAttributedString+CZAdditon.m"; sourceTree = "<group>"; };
		22CEBEE21E580A5A00967943 /* NSObject+CZRuntime.h */ = {isa = PBXFileReference; fileEncoding = 4; lastKnownFileType = sourcecode.c.h; path = "NSObject+CZRuntime.h"; sourceTree = "<group>"; };
		22CEBEE31E580A5A00967943 /* NSObject+CZRuntime.m */ = {isa = PBXFileReference; fileEncoding = 4; lastKnownFileType = sourcecode.c.objc; path = "NSObject+CZRuntime.m"; sourceTree = "<group>"; };
		22CEBEE41E580A5A00967943 /* NSString+CZBase64.h */ = {isa = PBXFileReference; fileEncoding = 4; lastKnownFileType = sourcecode.c.h; path = "NSString+CZBase64.h"; sourceTree = "<group>"; };
		22CEBEE51E580A5A00967943 /* NSString+CZBase64.m */ = {isa = PBXFileReference; fileEncoding = 4; lastKnownFileType = sourcecode.c.objc; path = "NSString+CZBase64.m"; sourceTree = "<group>"; };
		22CEBEE61E580A5A00967943 /* NSString+CZHash.h */ = {isa = PBXFileReference; fileEncoding = 4; lastKnownFileType = sourcecode.c.h; path = "NSString+CZHash.h"; sourceTree = "<group>"; };
		22CEBEE71E580A5A00967943 /* NSString+CZHash.m */ = {isa = PBXFileReference; fileEncoding = 4; lastKnownFileType = sourcecode.c.objc; path = "NSString+CZHash.m"; sourceTree = "<group>"; };
		22CEBEE81E580A5A00967943 /* NSString+CZPath.h */ = {isa = PBXFileReference; fileEncoding = 4; lastKnownFileType = sourcecode.c.h; path = "NSString+CZPath.h"; sourceTree = "<group>"; };
		22CEBEE91E580A5A00967943 /* NSString+CZPath.m */ = {isa = PBXFileReference; fileEncoding = 4; lastKnownFileType = sourcecode.c.objc; path = "NSString+CZPath.m"; sourceTree = "<group>"; };
		22CEBEEA1E580A5A00967943 /* UIButton+CZAddition.h */ = {isa = PBXFileReference; fileEncoding = 4; lastKnownFileType = sourcecode.c.h; path = "UIButton+CZAddition.h"; sourceTree = "<group>"; };
		22CEBEEB1E580A5A00967943 /* UIButton+CZAddition.m */ = {isa = PBXFileReference; fileEncoding = 4; lastKnownFileType = sourcecode.c.objc; path = "UIButton+CZAddition.m"; sourceTree = "<group>"; };
		22CEBEEC1E580A5A00967943 /* UIColor+CZAddition.h */ = {isa = PBXFileReference; fileEncoding = 4; lastKnownFileType = sourcecode.c.h; path = "UIColor+CZAddition.h"; sourceTree = "<group>"; };
		22CEBEED1E580A5A00967943 /* UIColor+CZAddition.m */ = {isa = PBXFileReference; fileEncoding = 4; lastKnownFileType = sourcecode.c.objc; path = "UIColor+CZAddition.m"; sourceTree = "<group>"; };
		22CEBEEE1E580A5A00967943 /* UILabel+CZAddition.h */ = {isa = PBXFileReference; fileEncoding = 4; lastKnownFileType = sourcecode.c.h; path = "UILabel+CZAddition.h"; sourceTree = "<group>"; };
		22CEBEEF1E580A5A00967943 /* UILabel+CZAddition.m */ = {isa = PBXFileReference; fileEncoding = 4; lastKnownFileType = sourcecode.c.objc; path = "UILabel+CZAddition.m"; sourceTree = "<group>"; };
		22CEBEF01E580A5A00967943 /* UIScreen+CZAddition.h */ = {isa = PBXFileReference; fileEncoding = 4; lastKnownFileType = sourcecode.c.h; path = "UIScreen+CZAddition.h"; sourceTree = "<group>"; };
		22CEBEF11E580A5A00967943 /* UIScreen+CZAddition.m */ = {isa = PBXFileReference; fileEncoding = 4; lastKnownFileType = sourcecode.c.objc; path = "UIScreen+CZAddition.m"; sourceTree = "<group>"; };
		22CEBEF21E580A5A00967943 /* UIView+CZAddition.h */ = {isa = PBXFileReference; fileEncoding = 4; lastKnownFileType = sourcecode.c.h; path = "UIView+CZAddition.h"; sourceTree = "<group>"; };
		22CEBEF31E580A5A00967943 /* UIView+CZAddition.m */ = {isa = PBXFileReference; fileEncoding = 4; lastKnownFileType = sourcecode.c.objc; path = "UIView+CZAddition.m"; sourceTree = "<group>"; };
		22CEBEF41E580A5A00967943 /* UIViewController+CZAddition.h */ = {isa = PBXFileReference; fileEncoding = 4; lastKnownFileType = sourcecode.c.h; path = "UIViewController+CZAddition.h"; sourceTree = "<group>"; };
		22CEBEF51E580A5A00967943 /* UIViewController+CZAddition.m */ = {isa = PBXFileReference; fileEncoding = 4; lastKnownFileType = sourcecode.c.objc; path = "UIViewController+CZAddition.m"; sourceTree = "<group>"; };
		22CEBEF71E580A5A00967943 /* UIBarButtonItem+Extension.h */ = {isa = PBXFileReference; fileEncoding = 4; lastKnownFileType = sourcecode.c.h; path = "UIBarButtonItem+Extension.h"; sourceTree = "<group>"; };
		22CEBEF81E580A5A00967943 /* UIBarButtonItem+Extension.m */ = {isa = PBXFileReference; fileEncoding = 4; lastKnownFileType = sourcecode.c.objc; path = "UIBarButtonItem+Extension.m"; sourceTree = "<group>"; };
		22CEBEFA1E580A5A00967943 /* UIButton+Helper.h */ = {isa = PBXFileReference; fileEncoding = 4; lastKnownFileType = sourcecode.c.h; path = "UIButton+Helper.h"; sourceTree = "<group>"; };
		22CEBEFB1E580A5A00967943 /* UIButton+Helper.m */ = {isa = PBXFileReference; fileEncoding = 4; lastKnownFileType = sourcecode.c.objc; path = "UIButton+Helper.m"; sourceTree = "<group>"; };
		22CEBEFD1E580A5A00967943 /* UILabel+Helper.h */ = {isa = PBXFileReference; fileEncoding = 4; lastKnownFileType = sourcecode.c.h; path = "UILabel+Helper.h"; sourceTree = "<group>"; };
		22CEBEFE1E580A5A00967943 /* UILabel+Helper.m */ = {isa = PBXFileReference; fileEncoding = 4; lastKnownFileType = sourcecode.c.objc; path = "UILabel+Helper.m"; sourceTree = "<group>"; };
		22CEBF0F1E580EB100967943 /* UIView+Extension.h */ = {isa = PBXFileReference; fileEncoding = 4; lastKnownFileType = sourcecode.c.h; path = "UIView+Extension.h"; sourceTree = "<group>"; };
		22CEBF101E580EB100967943 /* UIView+Extension.m */ = {isa = PBXFileReference; fileEncoding = 4; lastKnownFileType = sourcecode.c.objc; path = "UIView+Extension.m"; sourceTree = "<group>"; };
		22CEBF151E58216C00967943 /* XSYLoveBeenShoppingController.h */ = {isa = PBXFileReference; fileEncoding = 4; lastKnownFileType = sourcecode.c.h; path = XSYLoveBeenShoppingController.h; sourceTree = "<group>"; };
		22CEBF161E58216C00967943 /* XSYLoveBeenShoppingController.m */ = {isa = PBXFileReference; fileEncoding = 4; lastKnownFileType = sourcecode.c.objc; path = XSYLoveBeenShoppingController.m; sourceTree = "<group>"; };
		22CEBF181E5821E400967943 /* XSYLoveBeenMineController.h */ = {isa = PBXFileReference; fileEncoding = 4; lastKnownFileType = sourcecode.c.h; path = XSYLoveBeenMineController.h; sourceTree = "<group>"; };
		22CEBF191E5821E400967943 /* XSYLoveBeenMineController.m */ = {isa = PBXFileReference; fileEncoding = 4; lastKnownFileType = sourcecode.c.objc; path = XSYLoveBeenMineController.m; sourceTree = "<group>"; };
		22CEBF211E583B1F00967943 /* XSYLoveBeenShopCarController.h */ = {isa = PBXFileReference; fileEncoding = 4; lastKnownFileType = sourcecode.c.h; path = XSYLoveBeenShopCarController.h; sourceTree = "<group>"; };
		22CEBF221E583B1F00967943 /* XSYLoveBeenShopCarController.m */ = {isa = PBXFileReference; fileEncoding = 4; lastKnownFileType = sourcecode.c.objc; path = XSYLoveBeenShopCarController.m; sourceTree = "<group>"; };
		6C7BCAACA329CB2764039A03 /* Pods-LoveBeen.release.xcconfig */ = {isa = PBXFileReference; includeInIndex = 1; lastKnownFileType = text.xcconfig; name = "Pods-LoveBeen.release.xcconfig"; path = "Pods/Target Support Files/Pods-LoveBeen/Pods-LoveBeen.release.xcconfig"; sourceTree = "<group>"; };
		88724557FC4681AD8BCD7000 /* libPods-LoveBeen.a */ = {isa = PBXFileReference; explicitFileType = archive.ar; includeInIndex = 0; path = "libPods-LoveBeen.a"; sourceTree = BUILT_PRODUCTS_DIR; };
		889DEA2046FAB09F99BDA80C /* Pods-LoveBeen.debug.xcconfig */ = {isa = PBXFileReference; includeInIndex = 1; lastKnownFileType = text.xcconfig; name = "Pods-LoveBeen.debug.xcconfig"; path = "Pods/Target Support Files/Pods-LoveBeen/Pods-LoveBeen.debug.xcconfig"; sourceTree = "<group>"; };
/* End PBXFileReference section */

/* Begin PBXFrameworksBuildPhase section */
		22CEBE971E57D7C200967943 /* Frameworks */ = {
			isa = PBXFrameworksBuildPhase;
			buildActionMask = 2147483647;
			files = (
				FC265348CFA7B22165908716 /* libPods-LoveBeen.a in Frameworks */,
			);
			runOnlyForDeploymentPostprocessing = 0;
		};
/* End PBXFrameworksBuildPhase section */

/* Begin PBXGroup section */
		221A9B071E5B169300288F27 /* MyButton */ = {
			isa = PBXGroup;
			children = (
				221A9B081E5B16C500288F27 /* XSYLoveBeenMyButton.h */,
				221A9B091E5B16C500288F27 /* XSYLoveBeenMyButton.m */,
			);
			path = MyButton;
			sourceTree = "<group>";
		};
		223209D91E5843A400D31713 /* NetworkingTools.mools */ = {
			isa = PBXGroup;
			children = (
				223209DA1E5843E500D31713 /* NetworkingTools.h */,
				223209DB1E5843E500D31713 /* NetworkingTools.m */,
				223209DD1E58440200D31713 /* XSYLoveBeenNetworkingTools.h */,
				223209DE1E58440200D31713 /* XSYLoveBeenNetworkingTools.m */,
			);
			name = NetworkingTools.mools;
			path = NetworkingTools;
			sourceTree = "<group>";
		};
		223209E01E5860AF00D31713 /* TableViewHeaderView */ = {
			isa = PBXGroup;
			children = (
				223209E11E5860E800D31713 /* XSYLoveBeenTableHeaderView.h */,
				223209E21E5860E800D31713 /* XSYLoveBeenTableHeaderView.m */,
			);
			path = TableViewHeaderView;
			sourceTree = "<group>";
		};
		223209E71E587AEA00D31713 /* TopModel */ = {
			isa = PBXGroup;
			children = (
				223209E81E587B2300D31713 /* XSYLoveBeenFirstPageModel.h */,
				223209E91E587B2300D31713 /* XSYLoveBeenFirstPageModel.m */,
				223209EB1E5883A800D31713 /* XSYLoveBeenActivityAndIconModel.h */,
				223209EC1E5883A800D31713 /* XSYLoveBeenActivityAndIconModel.m */,
				223209EE1E5883D100D31713 /* XSYLoveBeenFocusModel.h */,
				223209EF1E5883D100D31713 /* XSYLoveBeenFocusModel.m */,
			);
			path = TopModel;
			sourceTree = "<group>";
		};
		223209F11E58992800D31713 /* TopTableViewCell */ = {
			isa = PBXGroup;
			children = (
				223209F21E58996B00D31713 /* XSYLoveBeenFirstPageTopCell.h */,
				223209F31E58996B00D31713 /* XSYLoveBeenFirstPageTopCell.m */,
			);
			path = TopTableViewCell;
			sourceTree = "<group>";
		};
		223209F51E58AB2000D31713 /* BottomShoppingModel */ = {
			isa = PBXGroup;
			children = (
				223209F61E58AB6000D31713 /* XSYLoveBeenFirstPageBottomShoppingModel.h */,
				223209F71E58AB6000D31713 /* XSYLoveBeenFirstPageBottomShoppingModel.m */,
			);
			path = BottomShoppingModel;
			sourceTree = "<group>";
		};
		223209F91E58B10800D31713 /* BottomTableViewCell */ = {
			isa = PBXGroup;
			children = (
				223209FA1E58B16C00D31713 /* XSYLoveBeenFirstPageTableBottomCell.h */,
				223209FB1E58B16C00D31713 /* XSYLoveBeenFirstPageTableBottomCell.m */,
				223209FD1E58B17B00D31713 /* XSYLoveBeenFirstPageTableBottomCell.xib */,
			);
			path = BottomTableViewCell;
			sourceTree = "<group>";
		};
		223209FF1E596F6A00D31713 /* RefreshControl */ = {
			isa = PBXGroup;
			children = (
				22320A001E596FBB00D31713 /* XSYRefreshHeader.h */,
				22320A011E596FBB00D31713 /* XSYRefreshHeader.m */,
			);
			path = RefreshControl;
			sourceTree = "<group>";
		};
		22320A031E59BDAE00D31713 /* FirstController */ = {
			isa = PBXGroup;
			children = (
				22320A041E59BDEC00D31713 /* XSYLoveBeenFirstController.h */,
				22320A051E59BDEC00D31713 /* XSYLoveBeenFirstController.m */,
			);
			path = FirstController;
			sourceTree = "<group>";
		};
		22320A071E59BDF000D31713 /* WebViewController */ = {
			isa = PBXGroup;
			children = (
				22320A091E59BE9700D31713 /* XSYLoveBeenFirstPageWebViewController.h */,
				22320A0A1E59BE9700D31713 /* XSYLoveBeenFirstPageWebViewController.m */,
			);
			path = WebViewController;
			sourceTree = "<group>";
		};
		22320A081E59BE1400D31713 /* ShopsDetailController */ = {
			isa = PBXGroup;
			children = (
				22320A121E5AADDD00D31713 /* XSYLoveBeenFirstPageDetailController.h */,
				22320A131E5AADDD00D31713 /* XSYLoveBeenFirstPageDetailController.m */,
			);
			path = ShopsDetailController;
			sourceTree = "<group>";
		};
		22320A0C1E59F83500D31713 /* DetailPageHeader */ = {
			isa = PBXGroup;
			children = (
				22320A0D1E59F8BC00D31713 /* XSYLoveBeenDetailPageHeaderView.h */,
				22320A0E1E59F8BC00D31713 /* XSYLoveBeenDetailPageHeaderView.m */,
				22320A101E59F8D000D31713 /* XSYLoveBeenDetailPageHeaderView.xib */,
			);
			path = DetailPageHeader;
			sourceTree = "<group>";
		};
		22320A151E5AC64600D31713 /* DetailPageCell */ = {
			isa = PBXGroup;
			children = (
				22320A161E5AC68700D31713 /* XSYLoveBeenDetailCell.h */,
				22320A171E5AC68700D31713 /* XSYLoveBeenDetailCell.m */,
			);
			path = DetailPageCell;
			sourceTree = "<group>";
		};
		22320A191E5AD21C00D31713 /* MapController */ = {
			isa = PBXGroup;
			children = (
				22320A1A1E5AD25A00D31713 /* XSYLoveBeenMapController.h */,
				22320A1B1E5AD25A00D31713 /* XSYLoveBeenMapController.m */,
			);
			path = MapController;
			sourceTree = "<group>";
		};
		22CEBE911E57D7C200967943 = {
			isa = PBXGroup;
			children = (
				22CEBE9C1E57D7C300967943 /* LoveBeen */,
				22CEBE9B1E57D7C300967943 /* Products */,
				8A6BECAB0C3102C567006854 /* Pods */,
				8975D6746BACFD3653796E59 /* Frameworks */,
			);
			sourceTree = "<group>";
		};
		22CEBE9B1E57D7C300967943 /* Products */ = {
			isa = PBXGroup;
			children = (
				22CEBE9A1E57D7C300967943 /* LoveBeen.app */,
			);
			name = Products;
			sourceTree = "<group>";
		};
		22CEBE9C1E57D7C300967943 /* LoveBeen */ = {
			isa = PBXGroup;
			children = (
				22CEBEA01E57D7C300967943 /* AppDelegate.h */,
				22CEBEA11E57D7C300967943 /* AppDelegate.m */,
				22CEBEB41E57DED400967943 /* Classes */,
				22CEBE9D1E57D7C300967943 /* Supporting Files */,
			);
			path = LoveBeen;
			sourceTree = "<group>";
		};
		22CEBE9D1E57D7C300967943 /* Supporting Files */ = {
			isa = PBXGroup;
			children = (
				22CEBEA91E57D7C300967943 /* Assets.xcassets */,
				22CEBEAE1E57D7C300967943 /* Info.plist */,
				22CEBE9E1E57D7C300967943 /* main.m */,
				22CEBECF1E57F20200967943 /* PrefixHeader.pch */,
			);
			name = "Supporting Files";
			sourceTree = "<group>";
		};
		22CEBEB41E57DED400967943 /* Classes */ = {
			isa = PBXGroup;
			children = (
				22CEBEB51E57DED400967943 /* Extension */,
				22CEBECB1E57DED400967943 /* Tools */,
				22CEBEBE1E57DED400967943 /* Libs */,
				22CEBEBF1E57DED400967943 /* MainPage */,
				22CEBEB61E57DED400967943 /* FirstPage */,
				22CEBEC31E57DED400967943 /* SecondPage */,
				22CEBEC71E57DED400967943 /* ThirdPage */,
				22CEBEBA1E57DED400967943 /* FourthPage */,
			);
			path = Classes;
			sourceTree = "<group>";
		};
		22CEBEB51E57DED400967943 /* Extension */ = {
			isa = PBXGroup;
			children = (
				22CEBF0E1E580EB100967943 /* UIView */,
				22CEBEDC1E580A5A00967943 /* Additions */,
				22CEBEF61E580A5A00967943 /* UIBarButtonItem */,
				22CEBEF91E580A5A00967943 /* UIButton */,
				22CEBEFC1E580A5A00967943 /* UILabel */,
			);
			path = Extension;
			sourceTree = "<group>";
		};
		22CEBEB61E57DED400967943 /* FirstPage */ = {
			isa = PBXGroup;
			children = (
				22CEBEB71E57DED400967943 /* Controller */,
				22CEBEB81E57DED400967943 /* Model */,
				22CEBEB91E57DED400967943 /* View */,
			);
			path = FirstPage;
			sourceTree = "<group>";
		};
		22CEBEB71E57DED400967943 /* Controller */ = {
			isa = PBXGroup;
			children = (
				22320A191E5AD21C00D31713 /* MapController */,
				22320A081E59BE1400D31713 /* ShopsDetailController */,
				22320A071E59BDF000D31713 /* WebViewController */,
				22320A031E59BDAE00D31713 /* FirstController */,
			);
			path = Controller;
			sourceTree = "<group>";
		};
		22CEBEB81E57DED400967943 /* Model */ = {
			isa = PBXGroup;
			children = (
				223209F51E58AB2000D31713 /* BottomShoppingModel */,
				223209E71E587AEA00D31713 /* TopModel */,
			);
			path = Model;
			sourceTree = "<group>";
		};
		22CEBEB91E57DED400967943 /* View */ = {
			isa = PBXGroup;
			children = (
				221A9B071E5B169300288F27 /* MyButton */,
				22320A151E5AC64600D31713 /* DetailPageCell */,
				22320A0C1E59F83500D31713 /* DetailPageHeader */,
				223209F91E58B10800D31713 /* BottomTableViewCell */,
				223209F11E58992800D31713 /* TopTableViewCell */,
				223209E01E5860AF00D31713 /* TableViewHeaderView */,
			);
			path = View;
			sourceTree = "<group>";
		};
		22CEBEBA1E57DED400967943 /* FourthPage */ = {
			isa = PBXGroup;
			children = (
				22CEBEBB1E57DED400967943 /* Controller */,
				22CEBEBC1E57DED400967943 /* Model */,
				22CEBEBD1E57DED400967943 /* View */,
			);
			path = FourthPage;
			sourceTree = "<group>";
		};
		22CEBEBB1E57DED400967943 /* Controller */ = {
			isa = PBXGroup;
			children = (
				22CEBF181E5821E400967943 /* XSYLoveBeenMineController.h */,
				22CEBF191E5821E400967943 /* XSYLoveBeenMineController.m */,
			);
			path = Controller;
			sourceTree = "<group>";
		};
		22CEBEBC1E57DED400967943 /* Model */ = {
			isa = PBXGroup;
			children = (
			);
			path = Model;
			sourceTree = "<group>";
		};
		22CEBEBD1E57DED400967943 /* View */ = {
			isa = PBXGroup;
			children = (
			);
			path = View;
			sourceTree = "<group>";
		};
		22CEBEBE1E57DED400967943 /* Libs */ = {
			isa = PBXGroup;
			children = (
			);
			path = Libs;
			sourceTree = "<group>";
		};
		22CEBEBF1E57DED400967943 /* MainPage */ = {
			isa = PBXGroup;
			children = (
				22CEBED51E5809BD00967943 /* NavigationController */,
				22CEBED41E58099B00967943 /* TabbarController */,
				22CEBEC01E57DED400967943 /* Controller */,
				22CEBEC11E57DED400967943 /* Model */,
				22CEBEC21E57DED400967943 /* View */,
			);
			path = MainPage;
			sourceTree = "<group>";
		};
		22CEBEC01E57DED400967943 /* Controller */ = {
			isa = PBXGroup;
			children = (
				22CEBED01E58094700967943 /* IntroductionController */,
			);
			path = Controller;
			sourceTree = "<group>";
		};
		22CEBEC11E57DED400967943 /* Model */ = {
			isa = PBXGroup;
			children = (
			);
			path = Model;
			sourceTree = "<group>";
		};
		22CEBEC21E57DED400967943 /* View */ = {
			isa = PBXGroup;
			children = (
				223209FF1E596F6A00D31713 /* RefreshControl */,
			);
			path = View;
			sourceTree = "<group>";
		};
		22CEBEC31E57DED400967943 /* SecondPage */ = {
			isa = PBXGroup;
			children = (
				22CEBEC41E57DED400967943 /* Controller */,
				22CEBEC51E57DED400967943 /* Model */,
				22CEBEC61E57DED400967943 /* View */,
			);
			path = SecondPage;
			sourceTree = "<group>";
		};
		22CEBEC41E57DED400967943 /* Controller */ = {
			isa = PBXGroup;
			children = (
				22CEBF151E58216C00967943 /* XSYLoveBeenShoppingController.h */,
				22CEBF161E58216C00967943 /* XSYLoveBeenShoppingController.m */,
			);
			path = Controller;
			sourceTree = "<group>";
		};
		22CEBEC51E57DED400967943 /* Model */ = {
			isa = PBXGroup;
			children = (
			);
			path = Model;
			sourceTree = "<group>";
		};
		22CEBEC61E57DED400967943 /* View */ = {
			isa = PBXGroup;
			children = (
			);
			path = View;
			sourceTree = "<group>";
		};
		22CEBEC71E57DED400967943 /* ThirdPage */ = {
			isa = PBXGroup;
			children = (
				22CEBEC81E57DED400967943 /* Controller */,
				22CEBEC91E57DED400967943 /* Model */,
				22CEBECA1E57DED400967943 /* View */,
			);
			path = ThirdPage;
			sourceTree = "<group>";
		};
		22CEBEC81E57DED400967943 /* Controller */ = {
			isa = PBXGroup;
			children = (
				22CEBF211E583B1F00967943 /* XSYLoveBeenShopCarController.h */,
				22CEBF221E583B1F00967943 /* XSYLoveBeenShopCarController.m */,
			);
			path = Controller;
			sourceTree = "<group>";
		};
		22CEBEC91E57DED400967943 /* Model */ = {
			isa = PBXGroup;
			children = (
			);
			path = Model;
			sourceTree = "<group>";
		};
		22CEBECA1E57DED400967943 /* View */ = {
			isa = PBXGroup;
			children = (
			);
			path = View;
			sourceTree = "<group>";
		};
		22CEBECB1E57DED400967943 /* Tools */ = {
			isa = PBXGroup;
			children = (
				223209D91E5843A400D31713 /* NetworkingTools.mools */,
			);
			path = Tools;
			sourceTree = "<group>";
		};
		22CEBED01E58094700967943 /* IntroductionController */ = {
			isa = PBXGroup;
			children = (
				22CEBED11E58099000967943 /* XSYLoveBeenIntroductionController.h */,
				22CEBED21E58099000967943 /* XSYLoveBeenIntroductionController.m */,
			);
			path = IntroductionController;
			sourceTree = "<group>";
		};
		22CEBED41E58099B00967943 /* TabbarController */ = {
			isa = PBXGroup;
			children = (
				22CEBED91E5809F200967943 /* XSYLoveBeenTabbarController.h */,
				22CEBEDA1E5809F200967943 /* XSYLoveBeenTabbarController.m */,
			);
			path = TabbarController;
			sourceTree = "<group>";
		};
		22CEBED51E5809BD00967943 /* NavigationController */ = {
			isa = PBXGroup;
			children = (
				22CEBED61E5809E700967943 /* XSYLoveBeenNavigationController.h */,
				22CEBED71E5809E700967943 /* XSYLoveBeenNavigationController.m */,
			);
			path = NavigationController;
			sourceTree = "<group>";
		};
		22CEBEDC1E580A5A00967943 /* Additions */ = {
			isa = PBXGroup;
			children = (
				22CEBEDD1E580A5A00967943 /* CZAdditions.h */,
				22CEBEDE1E580A5A00967943 /* NSArray+Log.h */,
				22CEBEDF1E580A5A00967943 /* NSArray+Log.m */,
				22CEBEE01E580A5A00967943 /* NSAttributedString+CZAdditon.h */,
				22CEBEE11E580A5A00967943 /* NSAttributedString+CZAdditon.m */,
				22CEBEE21E580A5A00967943 /* NSObject+CZRuntime.h */,
				22CEBEE31E580A5A00967943 /* NSObject+CZRuntime.m */,
				22CEBEE41E580A5A00967943 /* NSString+CZBase64.h */,
				22CEBEE51E580A5A00967943 /* NSString+CZBase64.m */,
				22CEBEE61E580A5A00967943 /* NSString+CZHash.h */,
				22CEBEE71E580A5A00967943 /* NSString+CZHash.m */,
				22CEBEE81E580A5A00967943 /* NSString+CZPath.h */,
				22CEBEE91E580A5A00967943 /* NSString+CZPath.m */,
				22CEBEEA1E580A5A00967943 /* UIButton+CZAddition.h */,
				22CEBEEB1E580A5A00967943 /* UIButton+CZAddition.m */,
				22CEBEEC1E580A5A00967943 /* UIColor+CZAddition.h */,
				22CEBEED1E580A5A00967943 /* UIColor+CZAddition.m */,
				22CEBEEE1E580A5A00967943 /* UILabel+CZAddition.h */,
				22CEBEEF1E580A5A00967943 /* UILabel+CZAddition.m */,
				22CEBEF01E580A5A00967943 /* UIScreen+CZAddition.h */,
				22CEBEF11E580A5A00967943 /* UIScreen+CZAddition.m */,
				22CEBEF21E580A5A00967943 /* UIView+CZAddition.h */,
				22CEBEF31E580A5A00967943 /* UIView+CZAddition.m */,
				22CEBEF41E580A5A00967943 /* UIViewController+CZAddition.h */,
				22CEBEF51E580A5A00967943 /* UIViewController+CZAddition.m */,
			);
			path = Additions;
			sourceTree = "<group>";
		};
		22CEBEF61E580A5A00967943 /* UIBarButtonItem */ = {
			isa = PBXGroup;
			children = (
				22CEBEF71E580A5A00967943 /* UIBarButtonItem+Extension.h */,
				22CEBEF81E580A5A00967943 /* UIBarButtonItem+Extension.m */,
			);
			path = UIBarButtonItem;
			sourceTree = "<group>";
		};
		22CEBEF91E580A5A00967943 /* UIButton */ = {
			isa = PBXGroup;
			children = (
				22CEBEFA1E580A5A00967943 /* UIButton+Helper.h */,
				22CEBEFB1E580A5A00967943 /* UIButton+Helper.m */,
			);
			path = UIButton;
			sourceTree = "<group>";
		};
		22CEBEFC1E580A5A00967943 /* UILabel */ = {
			isa = PBXGroup;
			children = (
				22CEBEFD1E580A5A00967943 /* UILabel+Helper.h */,
				22CEBEFE1E580A5A00967943 /* UILabel+Helper.m */,
			);
			path = UILabel;
			sourceTree = "<group>";
		};
		22CEBF0E1E580EB100967943 /* UIView */ = {
			isa = PBXGroup;
			children = (
				22CEBF0F1E580EB100967943 /* UIView+Extension.h */,
				22CEBF101E580EB100967943 /* UIView+Extension.m */,
			);
			path = UIView;
			sourceTree = "<group>";
		};
		8975D6746BACFD3653796E59 /* Frameworks */ = {
			isa = PBXGroup;
			children = (
				88724557FC4681AD8BCD7000 /* libPods-LoveBeen.a */,
			);
			name = Frameworks;
			sourceTree = "<group>";
		};
		8A6BECAB0C3102C567006854 /* Pods */ = {
			isa = PBXGroup;
			children = (
				889DEA2046FAB09F99BDA80C /* Pods-LoveBeen.debug.xcconfig */,
				6C7BCAACA329CB2764039A03 /* Pods-LoveBeen.release.xcconfig */,
			);
			name = Pods;
			sourceTree = "<group>";
		};
/* End PBXGroup section */

/* Begin PBXNativeTarget section */
		22CEBE991E57D7C200967943 /* LoveBeen */ = {
			isa = PBXNativeTarget;
			buildConfigurationList = 22CEBEB11E57D7C300967943 /* Build configuration list for PBXNativeTarget "LoveBeen" */;
			buildPhases = (
				FE41930943746AF088D7816B /* [CP] Check Pods Manifest.lock */,
				22CEBE961E57D7C200967943 /* Sources */,
				22CEBE971E57D7C200967943 /* Frameworks */,
				22CEBE981E57D7C200967943 /* Resources */,
				7B3A8A6FAD3374EA15AA22A4 /* [CP] Embed Pods Frameworks */,
				56D23420759494B1E0A257EE /* [CP] Copy Pods Resources */,
			);
			buildRules = (
			);
			dependencies = (
			);
			name = LoveBeen;
			productName = LoveBeen;
			productReference = 22CEBE9A1E57D7C300967943 /* LoveBeen.app */;
			productType = "com.apple.product-type.application";
		};
/* End PBXNativeTarget section */

/* Begin PBXProject section */
		22CEBE921E57D7C200967943 /* Project object */ = {
			isa = PBXProject;
			attributes = {
				CLASSPREFIX = XSYLoveBeen;
				LastUpgradeCheck = 0810;
				ORGANIZATIONNAME = DogeEggEgg;
				TargetAttributes = {
					22CEBE991E57D7C200967943 = {
						CreatedOnToolsVersion = 8.1;
						ProvisioningStyle = Automatic;
					};
				};
			};
			buildConfigurationList = 22CEBE951E57D7C200967943 /* Build configuration list for PBXProject "LoveBeen" */;
			compatibilityVersion = "Xcode 3.2";
			developmentRegion = English;
			hasScannedForEncodings = 0;
			knownRegions = (
				en,
				Base,
			);
			mainGroup = 22CEBE911E57D7C200967943;
			productRefGroup = 22CEBE9B1E57D7C300967943 /* Products */;
			projectDirPath = "";
			projectRoot = "";
			targets = (
				22CEBE991E57D7C200967943 /* LoveBeen */,
			);
		};
/* End PBXProject section */

/* Begin PBXResourcesBuildPhase section */
		22CEBE981E57D7C200967943 /* Resources */ = {
			isa = PBXResourcesBuildPhase;
			buildActionMask = 2147483647;
			files = (
				22320A111E59F8D000D31713 /* XSYLoveBeenDetailPageHeaderView.xib in Resources */,
				223209FE1E58B17B00D31713 /* XSYLoveBeenFirstPageTableBottomCell.xib in Resources */,
				22CEBEAA1E57D7C300967943 /* Assets.xcassets in Resources */,
			);
			runOnlyForDeploymentPostprocessing = 0;
		};
/* End PBXResourcesBuildPhase section */

/* Begin PBXShellScriptBuildPhase section */
		56D23420759494B1E0A257EE /* [CP] Copy Pods Resources */ = {
			isa = PBXShellScriptBuildPhase;
			buildActionMask = 2147483647;
			files = (
			);
			inputPaths = (
			);
			name = "[CP] Copy Pods Resources";
			outputPaths = (
			);
			runOnlyForDeploymentPostprocessing = 0;
			shellPath = /bin/sh;
			shellScript = "\"${SRCROOT}/Pods/Target Support Files/Pods-LoveBeen/Pods-LoveBeen-resources.sh\"\n";
			showEnvVarsInLog = 0;
		};
		7B3A8A6FAD3374EA15AA22A4 /* [CP] Embed Pods Frameworks */ = {
			isa = PBXShellScriptBuildPhase;
			buildActionMask = 2147483647;
			files = (
			);
			inputPaths = (
			);
			name = "[CP] Embed Pods Frameworks";
			outputPaths = (
			);
			runOnlyForDeploymentPostprocessing = 0;
			shellPath = /bin/sh;
			shellScript = "\"${SRCROOT}/Pods/Target Support Files/Pods-LoveBeen/Pods-LoveBeen-frameworks.sh\"\n";
			showEnvVarsInLog = 0;
		};
		FE41930943746AF088D7816B /* [CP] Check Pods Manifest.lock */ = {
			isa = PBXShellScriptBuildPhase;
			buildActionMask = 2147483647;
			files = (
			);
			inputPaths = (
			);
			name = "[CP] Check Pods Manifest.lock";
			outputPaths = (
			);
			runOnlyForDeploymentPostprocessing = 0;
			shellPath = /bin/sh;
			shellScript = "diff \"${PODS_ROOT}/../Podfile.lock\" \"${PODS_ROOT}/Manifest.lock\" > /dev/null\nif [ $? != 0 ] ; then\n    # print error to STDERR\n    echo \"error: The sandbox is not in sync with the Podfile.lock. Run 'pod install' or update your CocoaPods installation.\" >&2\n    exit 1\nfi\n";
			showEnvVarsInLog = 0;
		};
/* End PBXShellScriptBuildPhase section */

/* Begin PBXSourcesBuildPhase section */
		22CEBE961E57D7C200967943 /* Sources */ = {
			isa = PBXSourcesBuildPhase;
			buildActionMask = 2147483647;
			files = (
				22CEBEA21E57D7C300967943 /* AppDelegate.m in Sources */,
				22CEBF171E58216C00967943 /* XSYLoveBeenShoppingController.m in Sources */,
				221A9B0A1E5B16C500288F27 /* XSYLoveBeenMyButton.m in Sources */,
				22CEBE9F1E57D7C300967943 /* main.m in Sources */,
				22320A1C1E5AD25A00D31713 /* XSYLoveBeenMapController.m in Sources */,
				22CEBF031E580A5A00967943 /* NSString+CZHash.m in Sources */,
				223209F41E58996B00D31713 /* XSYLoveBeenFirstPageTopCell.m in Sources */,
				22CEBF111E580EB100967943 /* UIView+Extension.m in Sources */,
				22CEBF071E580A5A00967943 /* UILabel+CZAddition.m in Sources */,
				22CEBF0D1E580A5A00967943 /* UILabel+Helper.m in Sources */,
				22CEBF1A1E5821E400967943 /* XSYLoveBeenMineController.m in Sources */,
				22CEBF001E580A5A00967943 /* NSAttributedString+CZAdditon.m in Sources */,
				223209DC1E5843E500D31713 /* NetworkingTools.m in Sources */,
				223209ED1E5883A800D31713 /* XSYLoveBeenActivityAndIconModel.m in Sources */,
				22CEBF021E580A5A00967943 /* NSString+CZBase64.m in Sources */,
				223209EA1E587B2300D31713 /* XSYLoveBeenFirstPageModel.m in Sources */,
				22CEBF0B1E580A5A00967943 /* UIBarButtonItem+Extension.m in Sources */,
				223209F81E58AB6000D31713 /* XSYLoveBeenFirstPageBottomShoppingModel.m in Sources */,
				22CEBF011E580A5A00967943 /* NSObject+CZRuntime.m in Sources */,
				223209F01E5883D100D31713 /* XSYLoveBeenFocusModel.m in Sources */,
				22CEBED81E5809E700967943 /* XSYLoveBeenNavigationController.m in Sources */,
				223209FC1E58B16C00D31713 /* XSYLoveBeenFirstPageTableBottomCell.m in Sources */,
				22320A0B1E59BE9700D31713 /* XSYLoveBeenFirstPageWebViewController.m in Sources */,
				22CEBF0C1E580A5A00967943 /* UIButton+Helper.m in Sources */,
				22CEBEFF1E580A5A00967943 /* NSArray+Log.m in Sources */,
				22320A181E5AC68700D31713 /* XSYLoveBeenDetailCell.m in Sources */,
				22CEBED31E58099000967943 /* XSYLoveBeenIntroductionController.m in Sources */,
				22CEBF231E583B1F00967943 /* XSYLoveBeenShopCarController.m in Sources */,
				223209E31E5860E800D31713 /* XSYLoveBeenTableHeaderView.m in Sources */,
				22CEBF0A1E580A5A00967943 /* UIViewController+CZAddition.m in Sources */,
				22320A141E5AADDD00D31713 /* XSYLoveBeenFirstPageDetailController.m in Sources */,
				223209DF1E58440200D31713 /* XSYLoveBeenNetworkingTools.m in Sources */,
				22320A0F1E59F8BC00D31713 /* XSYLoveBeenDetailPageHeaderView.m in Sources */,
				22320A061E59BDEC00D31713 /* XSYLoveBeenFirstController.m in Sources */,
				22CEBF081E580A5A00967943 /* UIScreen+CZAddition.m in Sources */,
				22CEBF091E580A5A00967943 /* UIView+CZAddition.m in Sources */,
				22CEBF041E580A5A00967943 /* NSString+CZPath.m in Sources */,
				22CEBF051E580A5A00967943 /* UIButton+CZAddition.m in Sources */,
				22320A021E596FBB00D31713 /* XSYRefreshHeader.m in Sources */,
				22CEBF061E580A5A00967943 /* UIColor+CZAddition.m in Sources */,
				22CEBEDB1E5809F200967943 /* XSYLoveBeenTabbarController.m in Sources */,
			);
			runOnlyForDeploymentPostprocessing = 0;
		};
/* End PBXSourcesBuildPhase section */

/* Begin XCBuildConfiguration section */
		22CEBEAF1E57D7C300967943 /* Debug */ = {
			isa = XCBuildConfiguration;
			buildSettings = {
				ALWAYS_SEARCH_USER_PATHS = NO;
				CLANG_ANALYZER_NONNULL = YES;
				CLANG_CXX_LANGUAGE_STANDARD = "gnu++0x";
				CLANG_CXX_LIBRARY = "libc++";
				CLANG_ENABLE_MODULES = YES;
				CLANG_ENABLE_OBJC_ARC = YES;
				CLANG_WARN_BOOL_CONVERSION = YES;
				CLANG_WARN_CONSTANT_CONVERSION = YES;
				CLANG_WARN_DIRECT_OBJC_ISA_USAGE = YES_ERROR;
				CLANG_WARN_DOCUMENTATION_COMMENTS = YES;
				CLANG_WARN_EMPTY_BODY = YES;
				CLANG_WARN_ENUM_CONVERSION = YES;
				CLANG_WARN_INFINITE_RECURSION = YES;
				CLANG_WARN_INT_CONVERSION = YES;
				CLANG_WARN_OBJC_ROOT_CLASS = YES_ERROR;
				CLANG_WARN_SUSPICIOUS_MOVES = YES;
				CLANG_WARN_UNREACHABLE_CODE = YES;
				CLANG_WARN__DUPLICATE_METHOD_MATCH = YES;
				"CODE_SIGN_IDENTITY[sdk=iphoneos*]" = "iPhone Developer";
				COPY_PHASE_STRIP = NO;
				DEBUG_INFORMATION_FORMAT = dwarf;
				ENABLE_STRICT_OBJC_MSGSEND = YES;
				ENABLE_TESTABILITY = YES;
				GCC_C_LANGUAGE_STANDARD = gnu99;
				GCC_DYNAMIC_NO_PIC = NO;
				GCC_NO_COMMON_BLOCKS = YES;
				GCC_OPTIMIZATION_LEVEL = 0;
				GCC_PREPROCESSOR_DEFINITIONS = (
					"DEBUG=1",
					"$(inherited)",
				);
				GCC_WARN_64_TO_32_BIT_CONVERSION = YES;
				GCC_WARN_ABOUT_RETURN_TYPE = YES_ERROR;
				GCC_WARN_UNDECLARED_SELECTOR = YES;
				GCC_WARN_UNINITIALIZED_AUTOS = YES_AGGRESSIVE;
				GCC_WARN_UNUSED_FUNCTION = YES;
				GCC_WARN_UNUSED_VARIABLE = YES;
				IPHONEOS_DEPLOYMENT_TARGET = 10.1;
				MTL_ENABLE_DEBUG_INFO = YES;
				ONLY_ACTIVE_ARCH = YES;
				SDKROOT = iphoneos;
			};
			name = Debug;
		};
		22CEBEB01E57D7C300967943 /* Release */ = {
			isa = XCBuildConfiguration;
			buildSettings = {
				ALWAYS_SEARCH_USER_PATHS = NO;
				CLANG_ANALYZER_NONNULL = YES;
				CLANG_CXX_LANGUAGE_STANDARD = "gnu++0x";
				CLANG_CXX_LIBRARY = "libc++";
				CLANG_ENABLE_MODULES = YES;
				CLANG_ENABLE_OBJC_ARC = YES;
				CLANG_WARN_BOOL_CONVERSION = YES;
				CLANG_WARN_CONSTANT_CONVERSION = YES;
				CLANG_WARN_DIRECT_OBJC_ISA_USAGE = YES_ERROR;
				CLANG_WARN_DOCUMENTATION_COMMENTS = YES;
				CLANG_WARN_EMPTY_BODY = YES;
				CLANG_WARN_ENUM_CONVERSION = YES;
				CLANG_WARN_INFINITE_RECURSION = YES;
				CLANG_WARN_INT_CONVERSION = YES;
				CLANG_WARN_OBJC_ROOT_CLASS = YES_ERROR;
				CLANG_WARN_SUSPICIOUS_MOVES = YES;
				CLANG_WARN_UNREACHABLE_CODE = YES;
				CLANG_WARN__DUPLICATE_METHOD_MATCH = YES;
				"CODE_SIGN_IDENTITY[sdk=iphoneos*]" = "iPhone Developer";
				COPY_PHASE_STRIP = NO;
				DEBUG_INFORMATION_FORMAT = "dwarf-with-dsym";
				ENABLE_NS_ASSERTIONS = NO;
				ENABLE_STRICT_OBJC_MSGSEND = YES;
				GCC_C_LANGUAGE_STANDARD = gnu99;
				GCC_NO_COMMON_BLOCKS = YES;
				GCC_WARN_64_TO_32_BIT_CONVERSION = YES;
				GCC_WARN_ABOUT_RETURN_TYPE = YES_ERROR;
				GCC_WARN_UNDECLARED_SELECTOR = YES;
				GCC_WARN_UNINITIALIZED_AUTOS = YES_AGGRESSIVE;
				GCC_WARN_UNUSED_FUNCTION = YES;
				GCC_WARN_UNUSED_VARIABLE = YES;
				IPHONEOS_DEPLOYMENT_TARGET = 10.1;
				MTL_ENABLE_DEBUG_INFO = NO;
				SDKROOT = iphoneos;
				VALIDATE_PRODUCT = YES;
			};
			name = Release;
		};
		22CEBEB21E57D7C300967943 /* Debug */ = {
			isa = XCBuildConfiguration;
			baseConfigurationReference = 889DEA2046FAB09F99BDA80C /* Pods-LoveBeen.debug.xcconfig */;
			buildSettings = {
				ASSETCATALOG_COMPILER_APPICON_NAME = AppIcon;
				ASSETCATALOG_COMPILER_LAUNCHIMAGE_NAME = LaunchImage;
				GCC_PREFIX_HEADER = LoveBeen/PrefixHeader.pch;
				INFOPLIST_FILE = LoveBeen/Info.plist;
				IPHONEOS_DEPLOYMENT_TARGET = 8.1;
				LD_RUNPATH_SEARCH_PATHS = "$(inherited) @executable_path/Frameworks";
				PRODUCT_BUNDLE_IDENTIFIER = com.DogeEggEgg.LoveBeen;
				PRODUCT_NAME = "$(TARGET_NAME)";
			};
			name = Debug;
		};
		22CEBEB31E57D7C300967943 /* Release */ = {
			isa = XCBuildConfiguration;
			baseConfigurationReference = 6C7BCAACA329CB2764039A03 /* Pods-LoveBeen.release.xcconfig */;
			buildSettings = {
				ASSETCATALOG_COMPILER_APPICON_NAME = AppIcon;
				ASSETCATALOG_COMPILER_LAUNCHIMAGE_NAME = LaunchImage;
				GCC_PREFIX_HEADER = LoveBeen/PrefixHeader.pch;
				INFOPLIST_FILE = LoveBeen/Info.plist;
				IPHONEOS_DEPLOYMENT_TARGET = 8.1;
				LD_RUNPATH_SEARCH_PATHS = "$(inherited) @executable_path/Frameworks";
				PRODUCT_BUNDLE_IDENTIFIER = com.DogeEggEgg.LoveBeen;
				PRODUCT_NAME = "$(TARGET_NAME)";
			};
			name = Release;
		};
/* End XCBuildConfiguration section */

/* Begin XCConfigurationList section */
		22CEBE951E57D7C200967943 /* Build configuration list for PBXProject "LoveBeen" */ = {
			isa = XCConfigurationList;
			buildConfigurations = (
				22CEBEAF1E57D7C300967943 /* Debug */,
				22CEBEB01E57D7C300967943 /* Release */,
			);
			defaultConfigurationIsVisible = 0;
			defaultConfigurationName = Release;
		};
		22CEBEB11E57D7C300967943 /* Build configuration list for PBXNativeTarget "LoveBeen" */ = {
			isa = XCConfigurationList;
			buildConfigurations = (
				22CEBEB21E57D7C300967943 /* Debug */,
				22CEBEB31E57D7C300967943 /* Release */,
			);
			defaultConfigurationIsVisible = 0;
			defaultConfigurationName = Release;
		};
/* End XCConfigurationList section */
	};
	rootObject = 22CEBE921E57D7C200967943 /* Project object */;
}
